
Microsoft Visual Studio Solution File, Format Version 12.00
# Visual Studio 15
VisualStudioVersion = 15.0.26124.0
MinimumVisualStudioVersion = 15.0.26124.0
Project("{FAE04EC0-301F-11D3-BF4B-00C04F79EFBC}") = "ODataHttpClient", "ODataHttpClient\ODataHttpClient.csproj", "{72F78F11-E7AA-4A01-A0A8-78238CF8E386}"
EndProject
Project("{FAE04EC0-301F-11D3-BF4B-00C04F79EFBC}") = "ODataHttpClient.Tests", "ODataHttpClient.Tests\ODataHttpClient.Tests.csproj", "{862722F3-59DF-430B-874C-BA0D7B17C202}"
EndProject
Global
	GlobalSection(SolutionConfigurationPlatforms) = preSolution
		Debug|Any CPU = Debug|Any CPU
		Debug|x64 = Debug|x64
		Debug|x86 = Debug|x86
		Release|Any CPU = Release|Any CPU
		Release|x64 = Release|x64
		Release|x86 = Release|x86
	EndGlobalSection
	GlobalSection(SolutionProperties) = preSolution
		HideSolutionNode = FALSE
	EndGlobalSection
	GlobalSection(ProjectConfigurationPlatforms) = postSolution
		{72F78F11-E7AA-4A01-A0A8-78238CF8E386}.Debug|Any CPU.ActiveCfg = Debug|Any CPU
		{72F78F11-E7AA-4A01-A0A8-78238CF8E386}.Debug|Any CPU.Build.0 = Debug|Any CPU
		{72F78F11-E7AA-4A01-A0A8-78238CF8E386}.Debug|x64.ActiveCfg = Debug|Any CPU
		{72F78F11-E7AA-4A01-A0A8-78238CF8E386}.Debug|x64.Build.0 = Debug|Any CPU
		{72F78F11-E7AA-4A01-A0A8-78238CF8E386}.Debug|x86.ActiveCfg = Debug|Any CPU
		{72F78F11-E7AA-4A01-A0A8-78238CF8E386}.Debug|x86.Build.0 = Debug|Any CPU
		{72F78F11-E7AA-4A01-A0A8-78238CF8E386}.Release|Any CPU.ActiveCfg = Release|Any CPU
		{72F78F11-E7AA-4A01-A0A8-78238CF8E386}.Release|Any CPU.Build.0 = Release|Any CPU
		{72F78F11-E7AA-4A01-A0A8-78238CF8E386}.Release|x64.ActiveCfg = Release|Any CPU
		{72F78F11-E7AA-4A01-A0A8-78238CF8E386}.Release|x64.Build.0 = Release|Any CPU
		{72F78F11-E7AA-4A01-A0A8-78238CF8E386}.Release|x86.ActiveCfg = Release|Any CPU
		{72F78F11-E7AA-4A01-A0A8-78238CF8E386}.Release|x86.Build.0 = Release|Any CPU
		{862722F3-59DF-430B-874C-BA0D7B17C202}.Debug|Any CPU.ActiveCfg = Debug|Any CPU
		{862722F3-59DF-430B-874C-BA0D7B17C202}.Debug|Any CPU.Build.0 = Debug|Any CPU
		{862722F3-59DF-430B-874C-BA0D7B17C202}.Debug|x64.ActiveCfg = Debug|Any CPU
		{862722F3-59DF-430B-874C-BA0D7B17C202}.Debug|x64.Build.0 = Debug|Any CPU
		{862722F3-59DF-430B-874C-BA0D7B17C202}.Debug|x86.ActiveCfg = Debug|Any CPU
		{862722F3-59DF-430B-874C-BA0D7B17C202}.Debug|x86.Build.0 = Debug|Any CPU
		{862722F3-59DF-430B-874C-BA0D7B17C202}.Release|Any CPU.ActiveCfg = Release|Any CPU
		{862722F3-59DF-430B-874C-BA0D7B17C202}.Release|Any CPU.Build.0 = Release|Any CPU
		{862722F3-59DF-430B-874C-BA0D7B17C202}.Release|x64.ActiveCfg = Release|Any CPU
		{862722F3-59DF-430B-874C-BA0D7B17C202}.Release|x64.Build.0 = Release|Any CPU
		{862722F3-59DF-430B-874C-BA0D7B17C202}.Release|x86.ActiveCfg = Release|Any CPU
		{862722F3-59DF-430B-874C-BA0D7B17C202}.Release|x86.Build.0 = Release|Any CPU
	EndGlobalSection
EndGlobal
